
Microsoft Visual Studio Solution File, Format Version 12.00
# Visual Studio Version 16
VisualStudioVersion = 16.0.29001.49
MinimumVisualStudioVersion = 10.0.40219.1
Project("{FAE04EC0-301F-11D3-BF4B-00C04F79EFBC}") = "PracticaConstructores", "PracticaConstructores\PracticaConstructores.csproj", "{6549254E-972D-4333-95E6-256FF0B02558}"
EndProject
Global
	GlobalSection(SolutionConfigurationPlatforms) = preSolution
		Debug|Any CPU = Debug|Any CPU
		Release|Any CPU = Release|Any CPU
	EndGlobalSection
	GlobalSection(ProjectConfigurationPlatforms) = postSolution
		{6549254E-972D-4333-95E6-256FF0B02558}.Debug|Any CPU.ActiveCfg = Debug|Any CPU
		{6549254E-972D-4333-95E6-256FF0B02558}.Debug|Any CPU.Build.0 = Debug|Any CPU
		{6549254E-972D-4333-95E6-256FF0B02558}.Release|Any CPU.ActiveCfg = Release|Any CPU
		{6549254E-972D-4333-95E6-256FF0B02558}.Release|Any CPU.Build.0 = Release|Any CPU
	EndGlobalSection
	GlobalSection(SolutionProperties) = preSolution
		HideSolutionNode = FALSE
	EndGlobalSection
	GlobalSection(ExtensibilityGlobals) = postSolution
		SolutionGuid = {1B8519F7-E0CE-4CCB-B9F3-226B555CE2BB}
	EndGlobalSection
EndGlobal
